// !$*UTF8*$!
{
	archiveVersion = 1;
	classes = {
	};
	objectVersion = 55;
	objects = {

/* Begin PBXBuildFile section */
		D5235BF527A3D87C00ABAD13 /* GroupTableViewCell.swift in Sources */ = {isa = PBXBuildFile; fileRef = D5235BF327A3D87C00ABAD13 /* GroupTableViewCell.swift */; };
		D5235BF627A3D87C00ABAD13 /* GroupTableViewCell.xib in Resources */ = {isa = PBXBuildFile; fileRef = D5235BF427A3D87C00ABAD13 /* GroupTableViewCell.xib */; };
		D5235C2127A7BBF800ABAD13 /* AllGroupTableViewController.swift in Sources */ = {isa = PBXBuildFile; fileRef = D5235C1F27A7BBF800ABAD13 /* AllGroupTableViewController.swift */; };
		D5235C2627A7C27200ABAD13 /* AllGroupTableViewCell.swift in Sources */ = {isa = PBXBuildFile; fileRef = D5235C2427A7C27200ABAD13 /* AllGroupTableViewCell.swift */; };
		D5235C2A27A7C53F00ABAD13 /* File.swift in Sources */ = {isa = PBXBuildFile; fileRef = D5235C2927A7C53E00ABAD13 /* File.swift */; };
		D5235C2D27A8182B00ABAD13 /* CircleViewController.swift in Sources */ = {isa = PBXBuildFile; fileRef = D5235C2C27A8182B00ABAD13 /* CircleViewController.swift */; };
		D530834B27C7D38E00CBEAB5 /* Session.swift in Sources */ = {isa = PBXBuildFile; fileRef = D530834A27C7D38E00CBEAB5 /* Session.swift */; };
		D543B51527C28DB7008E5391 /* LoadingView.swift in Sources */ = {isa = PBXBuildFile; fileRef = D543B51427C28DB7008E5391 /* LoadingView.swift */; };
		D544E31127B1C5FD00D57083 /* LikeCounter.swift in Sources */ = {isa = PBXBuildFile; fileRef = D544E31027B1C5FC00D57083 /* LikeCounter.swift */; };
		D5625C07279E0900006759FD /* FriendsListViewController.swift in Sources */ = {isa = PBXBuildFile; fileRef = D5625C06279E0900006759FD /* FriendsListViewController.swift */; };
		D5625C0B279E0A57006759FD /* FriendsListTableViewCell.swift in Sources */ = {isa = PBXBuildFile; fileRef = D5625C09279E0A57006759FD /* FriendsListTableViewCell.swift */; };
		D5625C0C279E0A57006759FD /* FriendsListTableViewCell.xib in Resources */ = {isa = PBXBuildFile; fileRef = D5625C0A279E0A57006759FD /* FriendsListTableViewCell.xib */; };
		D5625C0F279E91A5006759FD /* FriendsListCellModel.swift in Sources */ = {isa = PBXBuildFile; fileRef = D5625C0E279E91A5006759FD /* FriendsListCellModel.swift */; };
		D5625C1427A1BE85006759FD /* FriendsGroupCellModel.swift in Sources */ = {isa = PBXBuildFile; fileRef = D5625C1327A1BE85006759FD /* FriendsGroupCellModel.swift */; };
		D5625C2027A2817F006759FD /* GroupTableViewController.swift in Sources */ = {isa = PBXBuildFile; fileRef = D5625C1E27A2817F006759FD /* GroupTableViewController.swift */; };
		D5625C2C27A2BC1B006759FD /* ProfileInfoCollectionViewCell.swift in Sources */ = {isa = PBXBuildFile; fileRef = D5625C2A27A2BC1B006759FD /* ProfileInfoCollectionViewCell.swift */; };
		D5625C2D27A2BC1B006759FD /* ProfileInfoCollectionViewCell.xib in Resources */ = {isa = PBXBuildFile; fileRef = D5625C2B27A2BC1B006759FD /* ProfileInfoCollectionViewCell.xib */; };
		D5625C2F27A2BC54006759FD /* FriendProfileInfoCollectionViewController.swift in Sources */ = {isa = PBXBuildFile; fileRef = D5625C2E27A2BC54006759FD /* FriendProfileInfoCollectionViewController.swift */; };
		D57B50AD278B7D9E008E256E /* AppDelegate.swift in Sources */ = {isa = PBXBuildFile; fileRef = D57B50AC278B7D9E008E256E /* AppDelegate.swift */; };
		D57B50AF278B7D9E008E256E /* SceneDelegate.swift in Sources */ = {isa = PBXBuildFile; fileRef = D57B50AE278B7D9E008E256E /* SceneDelegate.swift */; };
		D57B50B1278B7D9E008E256E /* ViewController.swift in Sources */ = {isa = PBXBuildFile; fileRef = D57B50B0278B7D9E008E256E /* ViewController.swift */; };
		D57B50B4278B7D9E008E256E /* Main.storyboard in Resources */ = {isa = PBXBuildFile; fileRef = D57B50B2278B7D9E008E256E /* Main.storyboard */; };
		D57B50B6278B7D9F008E256E /* Assets.xcassets in Resources */ = {isa = PBXBuildFile; fileRef = D57B50B5278B7D9F008E256E /* Assets.xcassets */; };
		D57B50B9278B7D9F008E256E /* LaunchScreen.storyboard in Resources */ = {isa = PBXBuildFile; fileRef = D57B50B7278B7D9F008E256E /* LaunchScreen.storyboard */; };
		D5B6E40627AC365F00844F85 /* AvatarView.swift in Sources */ = {isa = PBXBuildFile; fileRef = D5B6E40527AC365F00844F85 /* AvatarView.swift */; };
/* End PBXBuildFile section */

/* Begin PBXFileReference section */
		D5235BF327A3D87C00ABAD13 /* GroupTableViewCell.swift */ = {isa = PBXFileReference; lastKnownFileType = sourcecode.swift; path = GroupTableViewCell.swift; sourceTree = "<group>"; };
		D5235BF427A3D87C00ABAD13 /* GroupTableViewCell.xib */ = {isa = PBXFileReference; lastKnownFileType = file.xib; path = GroupTableViewCell.xib; sourceTree = "<group>"; };
		D5235C1F27A7BBF800ABAD13 /* AllGroupTableViewController.swift */ = {isa = PBXFileReference; lastKnownFileType = sourcecode.swift; path = AllGroupTableViewController.swift; sourceTree = "<group>"; };
		D5235C2427A7C27200ABAD13 /* AllGroupTableViewCell.swift */ = {isa = PBXFileReference; lastKnownFileType = sourcecode.swift; path = AllGroupTableViewCell.swift; sourceTree = "<group>"; };
		D5235C2927A7C53E00ABAD13 /* File.swift */ = {isa = PBXFileReference; lastKnownFileType = sourcecode.swift; path = File.swift; sourceTree = "<group>"; };
		D5235C2C27A8182B00ABAD13 /* CircleViewController.swift */ = {isa = PBXFileReference; lastKnownFileType = sourcecode.swift; path = CircleViewController.swift; sourceTree = "<group>"; };
		D530834A27C7D38E00CBEAB5 /* Session.swift */ = {isa = PBXFileReference; lastKnownFileType = sourcecode.swift; path = Session.swift; sourceTree = "<group>"; };
		D543B51427C28DB7008E5391 /* LoadingView.swift */ = {isa = PBXFileReference; lastKnownFileType = sourcecode.swift; path = LoadingView.swift; sourceTree = "<group>"; };
		D544E31027B1C5FC00D57083 /* LikeCounter.swift */ = {isa = PBXFileReference; lastKnownFileType = sourcecode.swift; path = LikeCounter.swift; sourceTree = "<group>"; };
		D5625C06279E0900006759FD /* FriendsListViewController.swift */ = {isa = PBXFileReference; lastKnownFileType = sourcecode.swift; path = FriendsListViewController.swift; sourceTree = "<group>"; };
		D5625C09279E0A57006759FD /* FriendsListTableViewCell.swift */ = {isa = PBXFileReference; lastKnownFileType = sourcecode.swift; path = FriendsListTableViewCell.swift; sourceTree = "<group>"; };
		D5625C0A279E0A57006759FD /* FriendsListTableViewCell.xib */ = {isa = PBXFileReference; lastKnownFileType = file.xib; path = FriendsListTableViewCell.xib; sourceTree = "<group>"; };
		D5625C0E279E91A5006759FD /* FriendsListCellModel.swift */ = {isa = PBXFileReference; lastKnownFileType = sourcecode.swift; path = FriendsListCellModel.swift; sourceTree = "<group>"; };
		D5625C1327A1BE85006759FD /* FriendsGroupCellModel.swift */ = {isa = PBXFileReference; lastKnownFileType = sourcecode.swift; path = FriendsGroupCellModel.swift; sourceTree = "<group>"; };
		D5625C1E27A2817F006759FD /* GroupTableViewController.swift */ = {isa = PBXFileReference; lastKnownFileType = sourcecode.swift; path = GroupTableViewController.swift; sourceTree = "<group>"; };
		D5625C2A27A2BC1B006759FD /* ProfileInfoCollectionViewCell.swift */ = {isa = PBXFileReference; lastKnownFileType = sourcecode.swift; path = ProfileInfoCollectionViewCell.swift; sourceTree = "<group>"; };
		D5625C2B27A2BC1B006759FD /* ProfileInfoCollectionViewCell.xib */ = {isa = PBXFileReference; lastKnownFileType = file.xib; path = ProfileInfoCollectionViewCell.xib; sourceTree = "<group>"; };
		D5625C2E27A2BC54006759FD /* FriendProfileInfoCollectionViewController.swift */ = {isa = PBXFileReference; lastKnownFileType = sourcecode.swift; path = FriendProfileInfoCollectionViewController.swift; sourceTree = "<group>"; };
		D57B50A9278B7D9E008E256E /* VK.app */ = {isa = PBXFileReference; explicitFileType = wrapper.application; includeInIndex = 0; path = VK.app; sourceTree = BUILT_PRODUCTS_DIR; };
		D57B50AC278B7D9E008E256E /* AppDelegate.swift */ = {isa = PBXFileReference; lastKnownFileType = sourcecode.swift; path = AppDelegate.swift; sourceTree = "<group>"; };
		D57B50AE278B7D9E008E256E /* SceneDelegate.swift */ = {isa = PBXFileReference; lastKnownFileType = sourcecode.swift; path = SceneDelegate.swift; sourceTree = "<group>"; };
		D57B50B0278B7D9E008E256E /* ViewController.swift */ = {isa = PBXFileReference; lastKnownFileType = sourcecode.swift; path = ViewController.swift; sourceTree = "<group>"; };
		D57B50B3278B7D9E008E256E /* Base */ = {isa = PBXFileReference; lastKnownFileType = file.storyboard; name = Base; path = Base.lproj/Main.storyboard; sourceTree = "<group>"; };
		D57B50B5278B7D9F008E256E /* Assets.xcassets */ = {isa = PBXFileReference; lastKnownFileType = folder.assetcatalog; path = Assets.xcassets; sourceTree = "<group>"; };
		D57B50B8278B7D9F008E256E /* Base */ = {isa = PBXFileReference; lastKnownFileType = file.storyboard; name = Base; path = Base.lproj/LaunchScreen.storyboard; sourceTree = "<group>"; };
		D57B50BA278B7D9F008E256E /* Info.plist */ = {isa = PBXFileReference; lastKnownFileType = text.plist.xml; path = Info.plist; sourceTree = "<group>"; };
		D5B6E40527AC365F00844F85 /* AvatarView.swift */ = {isa = PBXFileReference; lastKnownFileType = sourcecode.swift; path = AvatarView.swift; sourceTree = "<group>"; };
/* End PBXFileReference section */

/* Begin PBXFrameworksBuildPhase section */
		D57B50A6278B7D9E008E256E /* Frameworks */ = {
			isa = PBXFrameworksBuildPhase;
			buildActionMask = 2147483647;
			files = (
			);
			runOnlyForDeploymentPostprocessing = 0;
		};
/* End PBXFrameworksBuildPhase section */

/* Begin PBXGroup section */
		D5235C1B27A7BABC00ABAD13 /* GroupList */ = {
			isa = PBXGroup;
			children = (
				D5235C2B27A8180500ABAD13 /* CircleView */,
				D5235C2827A7C51A00ABAD13 /* Model */,
				D5235C2327A7C1A400ABAD13 /* Cell */,
				D5235C1C27A7BAF200ABAD13 /* ViewController */,
			);
			path = GroupList;
			sourceTree = "<group>";
		};
		D5235C1C27A7BAF200ABAD13 /* ViewController */ = {
			isa = PBXGroup;
			children = (
				D5235C1F27A7BBF800ABAD13 /* AllGroupTableViewController.swift */,
			);
			path = ViewController;
			sourceTree = "<group>";
		};
		D5235C2327A7C1A400ABAD13 /* Cell */ = {
			isa = PBXGroup;
			children = (
				D5235C2427A7C27200ABAD13 /* AllGroupTableViewCell.swift */,
			);
			path = Cell;
			sourceTree = "<group>";
		};
		D5235C2827A7C51A00ABAD13 /* Model */ = {
			isa = PBXGroup;
			children = (
				D5235C2927A7C53E00ABAD13 /* File.swift */,
			);
			path = Model;
			sourceTree = "<group>";
		};
		D5235C2B27A8180500ABAD13 /* CircleView */ = {
			isa = PBXGroup;
			children = (
				D5235C2C27A8182B00ABAD13 /* CircleViewController.swift */,
			);
			path = CircleView;
			sourceTree = "<group>";
		};
		D530834927C7D34500CBEAB5 /* Session */ = {
			isa = PBXGroup;
			children = (
				D530834A27C7D38E00CBEAB5 /* Session.swift */,
			);
			path = Session;
			sourceTree = "<group>";
		};
		D543B51327C28D27008E5391 /* Animation */ = {
			isa = PBXGroup;
			children = (
				D543B51427C28DB7008E5391 /* LoadingView.swift */,
			);
			path = Animation;
			sourceTree = "<group>";
		};
		D5625C04279E089C006759FD /* FriendsList */ = {
			isa = PBXGroup;
			children = (
				D5625C0D279E911D006759FD /* Model */,
				D5625C05279E08BB006759FD /* ViewController */,
				D5625C08279E0A0B006759FD /* Cell */,
			);
			path = FriendsList;
			sourceTree = "<group>";
		};
		D5625C05279E08BB006759FD /* ViewController */ = {
			isa = PBXGroup;
			children = (
				D5625C06279E0900006759FD /* FriendsListViewController.swift */,
			);
			path = ViewController;
			sourceTree = "<group>";
		};
		D5625C08279E0A0B006759FD /* Cell */ = {
			isa = PBXGroup;
			children = (
				D5625C09279E0A57006759FD /* FriendsListTableViewCell.swift */,
				D5625C0A279E0A57006759FD /* FriendsListTableViewCell.xib */,
			);
			path = Cell;
			sourceTree = "<group>";
		};
		D5625C0D279E911D006759FD /* Model */ = {
			isa = PBXGroup;
			children = (
				D5625C0E279E91A5006759FD /* FriendsListCellModel.swift */,
			);
			path = Model;
			sourceTree = "<group>";
		};
		D5625C10279EFAF7006759FD /* Group */ = {
			isa = PBXGroup;
			children = (
				D5625C1227A1BE40006759FD /* Model */,
				D5625C2227A28355006759FD /* ViewController */,
				D5625C1127A1BE35006759FD /* Cell */,
			);
			path = Group;
			sourceTree = "<group>";
		};
		D5625C1127A1BE35006759FD /* Cell */ = {
			isa = PBXGroup;
			children = (
				D5235BF327A3D87C00ABAD13 /* GroupTableViewCell.swift */,
				D5B6E40527AC365F00844F85 /* AvatarView.swift */,
				D5235BF427A3D87C00ABAD13 /* GroupTableViewCell.xib */,
			);
			path = Cell;
			sourceTree = "<group>";
		};
		D5625C1227A1BE40006759FD /* Model */ = {
			isa = PBXGroup;
			children = (
				D5625C1327A1BE85006759FD /* FriendsGroupCellModel.swift */,
			);
			path = Model;
			sourceTree = "<group>";
		};
		D5625C2227A28355006759FD /* ViewController */ = {
			isa = PBXGroup;
			children = (
				D5625C1E27A2817F006759FD /* GroupTableViewController.swift */,
			);
			path = ViewController;
			sourceTree = "<group>";
		};
		D5625C2327A2A7E5006759FD /* Login */ = {
			isa = PBXGroup;
			children = (
				D57B50B0278B7D9E008E256E /* ViewController.swift */,
			);
			path = Login;
			sourceTree = "<group>";
		};
		D5625C2727A2BB4D006759FD /* FriendProfileInfo */ = {
			isa = PBXGroup;
			children = (
				D5625C2927A2BBA6006759FD /* ViewController */,
				D5625C2827A2BB9E006759FD /* Cell */,
			);
			path = FriendProfileInfo;
			sourceTree = "<group>";
		};
		D5625C2827A2BB9E006759FD /* Cell */ = {
			isa = PBXGroup;
			children = (
				D5625C2A27A2BC1B006759FD /* ProfileInfoCollectionViewCell.swift */,
				D544E31027B1C5FC00D57083 /* LikeCounter.swift */,
				D5625C2B27A2BC1B006759FD /* ProfileInfoCollectionViewCell.xib */,
			);
			path = Cell;
			sourceTree = "<group>";
		};
		D5625C2927A2BBA6006759FD /* ViewController */ = {
			isa = PBXGroup;
			children = (
				D5625C2E27A2BC54006759FD /* FriendProfileInfoCollectionViewController.swift */,
			);
			path = ViewController;
			sourceTree = "<group>";
		};
		D57B50A0278B7D9D008E256E = {
			isa = PBXGroup;
			children = (
				D57B50AB278B7D9E008E256E /* VK */,
				D57B50AA278B7D9E008E256E /* Products */,
			);
			sourceTree = "<group>";
		};
		D57B50AA278B7D9E008E256E /* Products */ = {
			isa = PBXGroup;
			children = (
				D57B50A9278B7D9E008E256E /* VK.app */,
			);
			name = Products;
			sourceTree = "<group>";
		};
		D57B50AB278B7D9E008E256E /* VK */ = {
			isa = PBXGroup;
			children = (
				D530834927C7D34500CBEAB5 /* Session */,
				D5625C2327A2A7E5006759FD /* Login */,
				D5625C10279EFAF7006759FD /* Group */,
				D5235C1B27A7BABC00ABAD13 /* GroupList */,
				D5625C04279E089C006759FD /* FriendsList */,
				D5625C2727A2BB4D006759FD /* FriendProfileInfo */,
				D57B50AC278B7D9E008E256E /* AppDelegate.swift */,
				D543B51327C28D27008E5391 /* Animation */,
				D57B50AE278B7D9E008E256E /* SceneDelegate.swift */,
				D57B50B2278B7D9E008E256E /* Main.storyboard */,
				D57B50B5278B7D9F008E256E /* Assets.xcassets */,
				D57B50B7278B7D9F008E256E /* LaunchScreen.storyboard */,
				D57B50BA278B7D9F008E256E /* Info.plist */,
			);
			path = VK;
			sourceTree = "<group>";
		};
/* End PBXGroup section */

/* Begin PBXNativeTarget section */
		D57B50A8278B7D9E008E256E /* VK */ = {
			isa = PBXNativeTarget;
			buildConfigurationList = D57B50BD278B7D9F008E256E /* Build configuration list for PBXNativeTarget "VK" */;
			buildPhases = (
				D57B50A5278B7D9E008E256E /* Sources */,
				D57B50A6278B7D9E008E256E /* Frameworks */,
				D57B50A7278B7D9E008E256E /* Resources */,
			);
			buildRules = (
			);
			dependencies = (
			);
			name = VK;
			productName = VK;
			productReference = D57B50A9278B7D9E008E256E /* VK.app */;
			productType = "com.apple.product-type.application";
		};
/* End PBXNativeTarget section */

/* Begin PBXProject section */
		D57B50A1278B7D9D008E256E /* Project object */ = {
			isa = PBXProject;
			attributes = {
				BuildIndependentTargetsInParallel = 1;
				LastSwiftUpdateCheck = 1320;
				LastUpgradeCheck = 1320;
				TargetAttributes = {
					D57B50A8278B7D9E008E256E = {
						CreatedOnToolsVersion = 13.2.1;
					};
				};
			};
			buildConfigurationList = D57B50A4278B7D9D008E256E /* Build configuration list for PBXProject "VK" */;
			compatibilityVersion = "Xcode 13.0";
			developmentRegion = en;
			hasScannedForEncodings = 0;
			knownRegions = (
				en,
				Base,
			);
			mainGroup = D57B50A0278B7D9D008E256E;
			productRefGroup = D57B50AA278B7D9E008E256E /* Products */;
			projectDirPath = "";
			projectRoot = "";
			targets = (
				D57B50A8278B7D9E008E256E /* VK */,
			);
		};
/* End PBXProject section */

/* Begin PBXResourcesBuildPhase section */
		D57B50A7278B7D9E008E256E /* Resources */ = {
			isa = PBXResourcesBuildPhase;
			buildActionMask = 2147483647;
			files = (
				D5625C2D27A2BC1B006759FD /* ProfileInfoCollectionViewCell.xib in Resources */,
				D5235BF627A3D87C00ABAD13 /* GroupTableViewCell.xib in Resources */,
				D57B50B9278B7D9F008E256E /* LaunchScreen.storyboard in Resources */,
				D57B50B6278B7D9F008E256E /* Assets.xcassets in Resources */,
				D57B50B4278B7D9E008E256E /* Main.storyboard in Resources */,
				D5625C0C279E0A57006759FD /* FriendsListTableViewCell.xib in Resources */,
			);
			runOnlyForDeploymentPostprocessing = 0;
		};
/* End PBXResourcesBuildPhase section */

/* Begin PBXSourcesBuildPhase section */
		D57B50A5278B7D9E008E256E /* Sources */ = {
			isa = PBXSourcesBuildPhase;
			buildActionMask = 2147483647;
			files = (
				D544E31127B1C5FD00D57083 /* LikeCounter.swift in Sources */,
				D57B50B1278B7D9E008E256E /* ViewController.swift in Sources */,
				D5235C2627A7C27200ABAD13 /* AllGroupTableViewCell.swift in Sources */,
				D5625C2F27A2BC54006759FD /* FriendProfileInfoCollectionViewController.swift in Sources */,
				D57B50AD278B7D9E008E256E /* AppDelegate.swift in Sources */,
				D5235BF527A3D87C00ABAD13 /* GroupTableViewCell.swift in Sources */,
				D5625C2C27A2BC1B006759FD /* ProfileInfoCollectionViewCell.swift in Sources */,
				D5235C2D27A8182B00ABAD13 /* CircleViewController.swift in Sources */,
				D5235C2127A7BBF800ABAD13 /* AllGroupTableViewController.swift in Sources */,
				D5625C07279E0900006759FD /* FriendsListViewController.swift in Sources */,
				D5625C0B279E0A57006759FD /* FriendsListTableViewCell.swift in Sources */,
				D530834B27C7D38E00CBEAB5 /* Session.swift in Sources */,
				D5625C0F279E91A5006759FD /* FriendsListCellModel.swift in Sources */,
				D5235C2A27A7C53F00ABAD13 /* File.swift in Sources */,
				D57B50AF278B7D9E008E256E /* SceneDelegate.swift in Sources */,
				D5625C1427A1BE85006759FD /* FriendsGroupCellModel.swift in Sources */,
				D5B6E40627AC365F00844F85 /* AvatarView.swift in Sources */,
				D5625C2027A2817F006759FD /* GroupTableViewController.swift in Sources */,
				D543B51527C28DB7008E5391 /* LoadingView.swift in Sources */,
			);
			runOnlyForDeploymentPostprocessing = 0;
		};
/* End PBXSourcesBuildPhase section */

/* Begin PBXVariantGroup section */
		D57B50B2278B7D9E008E256E /* Main.storyboard */ = {
			isa = PBXVariantGroup;
			children = (
				D57B50B3278B7D9E008E256E /* Base */,
			);
			name = Main.storyboard;
			sourceTree = "<group>";
		};
		D57B50B7278B7D9F008E256E /* LaunchScreen.storyboard */ = {
			isa = PBXVariantGroup;
			children = (
				D57B50B8278B7D9F008E256E /* Base */,
			);
			name = LaunchScreen.storyboard;
			sourceTree = "<group>";
		};
/* End PBXVariantGroup section */

/* Begin XCBuildConfiguration section */
		D57B50BB278B7D9F008E256E /* Debug */ = {
			isa = XCBuildConfiguration;
			buildSettings = {
				ALWAYS_SEARCH_USER_PATHS = NO;
				CLANG_ANALYZER_NONNULL = YES;
				CLANG_ANALYZER_NUMBER_OBJECT_CONVERSION = YES_AGGRESSIVE;
				CLANG_CXX_LANGUAGE_STANDARD = "gnu++17";
				CLANG_CXX_LIBRARY = "libc++";
				CLANG_ENABLE_MODULES = YES;
				CLANG_ENABLE_OBJC_ARC = YES;
				CLANG_ENABLE_OBJC_WEAK = YES;
				CLANG_WARN_BLOCK_CAPTURE_AUTORELEASING = YES;
				CLANG_WARN_BOOL_CONVERSION = YES;
				CLANG_WARN_COMMA = YES;
				CLANG_WARN_CONSTANT_CONVERSION = YES;
				CLANG_WARN_DEPRECATED_OBJC_IMPLEMENTATIONS = YES;
				CLANG_WARN_DIRECT_OBJC_ISA_USAGE = YES_ERROR;
				CLANG_WARN_DOCUMENTATION_COMMENTS = YES;
				CLANG_WARN_EMPTY_BODY = YES;
				CLANG_WARN_ENUM_CONVERSION = YES;
				CLANG_WARN_INFINITE_RECURSION = YES;
				CLANG_WARN_INT_CONVERSION = YES;
				CLANG_WARN_NON_LITERAL_NULL_CONVERSION = YES;
				CLANG_WARN_OBJC_IMPLICIT_RETAIN_SELF = YES;
				CLANG_WARN_OBJC_LITERAL_CONVERSION = YES;
				CLANG_WARN_OBJC_ROOT_CLASS = YES_ERROR;
				CLANG_WARN_QUOTED_INCLUDE_IN_FRAMEWORK_HEADER = YES;
				CLANG_WARN_RANGE_LOOP_ANALYSIS = YES;
				CLANG_WARN_STRICT_PROTOTYPES = YES;
				CLANG_WARN_SUSPICIOUS_MOVE = YES;
				CLANG_WARN_UNGUARDED_AVAILABILITY = YES_AGGRESSIVE;
				CLANG_WARN_UNREACHABLE_CODE = YES;
				CLANG_WARN__DUPLICATE_METHOD_MATCH = YES;
				COPY_PHASE_STRIP = NO;
				DEBUG_INFORMATION_FORMAT = dwarf;
				ENABLE_STRICT_OBJC_MSGSEND = YES;
				ENABLE_TESTABILITY = YES;
				GCC_C_LANGUAGE_STANDARD = gnu11;
				GCC_DYNAMIC_NO_PIC = NO;
				GCC_NO_COMMON_BLOCKS = YES;
				GCC_OPTIMIZATION_LEVEL = 0;
				GCC_PREPROCESSOR_DEFINITIONS = (
					"DEBUG=1",
					"$(inherited)",
				);
				GCC_WARN_64_TO_32_BIT_CONVERSION = YES;
				GCC_WARN_ABOUT_RETURN_TYPE = YES_ERROR;
				GCC_WARN_UNDECLARED_SELECTOR = YES;
				GCC_WARN_UNINITIALIZED_AUTOS = YES_AGGRESSIVE;
				GCC_WARN_UNUSED_FUNCTION = YES;
				GCC_WARN_UNUSED_VARIABLE = YES;
				IPHONEOS_DEPLOYMENT_TARGET = 15.2;
				MTL_ENABLE_DEBUG_INFO = INCLUDE_SOURCE;
				MTL_FAST_MATH = YES;
				ONLY_ACTIVE_ARCH = YES;
				SDKROOT = iphoneos;
				SWIFT_ACTIVE_COMPILATION_CONDITIONS = DEBUG;
				SWIFT_OPTIMIZATION_LEVEL = "-Onone";
			};
			name = Debug;
		};
		D57B50BC278B7D9F008E256E /* Release */ = {
			isa = XCBuildConfiguration;
			buildSettings = {
				ALWAYS_SEARCH_USER_PATHS = NO;
				CLANG_ANALYZER_NONNULL = YES;
				CLANG_ANALYZER_NUMBER_OBJECT_CONVERSION = YES_AGGRESSIVE;
				CLANG_CXX_LANGUAGE_STANDARD = "gnu++17";
				CLANG_CXX_LIBRARY = "libc++";
				CLANG_ENABLE_MODULES = YES;
				CLANG_ENABLE_OBJC_ARC = YES;
				CLANG_ENABLE_OBJC_WEAK = YES;
				CLANG_WARN_BLOCK_CAPTURE_AUTORELEASING = YES;
				CLANG_WARN_BOOL_CONVERSION = YES;
				CLANG_WARN_COMMA = YES;
				CLANG_WARN_CONSTANT_CONVERSION = YES;
				CLANG_WARN_DEPRECATED_OBJC_IMPLEMENTATIONS = YES;
				CLANG_WARN_DIRECT_OBJC_ISA_USAGE = YES_ERROR;
				CLANG_WARN_DOCUMENTATION_COMMENTS = YES;
				CLANG_WARN_EMPTY_BODY = YES;
				CLANG_WARN_ENUM_CONVERSION = YES;
				CLANG_WARN_INFINITE_RECURSION = YES;
				CLANG_WARN_INT_CONVERSION = YES;
				CLANG_WARN_NON_LITERAL_NULL_CONVERSION = YES;
				CLANG_WARN_OBJC_IMPLICIT_RETAIN_SELF = YES;
				CLANG_WARN_OBJC_LITERAL_CONVERSION = YES;
				CLANG_WARN_OBJC_ROOT_CLASS = YES_ERROR;
				CLANG_WARN_QUOTED_INCLUDE_IN_FRAMEWORK_HEADER = YES;
				CLANG_WARN_RANGE_LOOP_ANALYSIS = YES;
				CLANG_WARN_STRICT_PROTOTYPES = YES;
				CLANG_WARN_SUSPICIOUS_MOVE = YES;
				CLANG_WARN_UNGUARDED_AVAILABILITY = YES_AGGRESSIVE;
				CLANG_WARN_UNREACHABLE_CODE = YES;
				CLANG_WARN__DUPLICATE_METHOD_MATCH = YES;
				COPY_PHASE_STRIP = NO;
				DEBUG_INFORMATION_FORMAT = "dwarf-with-dsym";
				ENABLE_NS_ASSERTIONS = NO;
				ENABLE_STRICT_OBJC_MSGSEND = YES;
				GCC_C_LANGUAGE_STANDARD = gnu11;
				GCC_NO_COMMON_BLOCKS = YES;
				GCC_WARN_64_TO_32_BIT_CONVERSION = YES;
				GCC_WARN_ABOUT_RETURN_TYPE = YES_ERROR;
				GCC_WARN_UNDECLARED_SELECTOR = YES;
				GCC_WARN_UNINITIALIZED_AUTOS = YES_AGGRESSIVE;
				GCC_WARN_UNUSED_FUNCTION = YES;
				GCC_WARN_UNUSED_VARIABLE = YES;
				IPHONEOS_DEPLOYMENT_TARGET = 15.2;
				MTL_ENABLE_DEBUG_INFO = NO;
				MTL_FAST_MATH = YES;
				SDKROOT = iphoneos;
				SWIFT_COMPILATION_MODE = wholemodule;
				SWIFT_OPTIMIZATION_LEVEL = "-O";
				VALIDATE_PRODUCT = YES;
			};
			name = Release;
		};
		D57B50BE278B7D9F008E256E /* Debug */ = {
			isa = XCBuildConfiguration;
			buildSettings = {
				ASSETCATALOG_COMPILER_APPICON_NAME = AppIcon;
				ASSETCATALOG_COMPILER_GLOBAL_ACCENT_COLOR_NAME = AccentColor;
				CODE_SIGN_STYLE = Automatic;
				CURRENT_PROJECT_VERSION = 1;
				DEVELOPMENT_TEAM = KCR277F8KP;
				GENERATE_INFOPLIST_FILE = YES;
				INFOPLIST_FILE = VK/Info.plist;
				INFOPLIST_KEY_UIApplicationSupportsIndirectInputEvents = YES;
				INFOPLIST_KEY_UILaunchStoryboardName = LaunchScreen;
				INFOPLIST_KEY_UIMainStoryboardFile = Main;
				INFOPLIST_KEY_UISupportedInterfaceOrientations_iPad = "UIInterfaceOrientationPortrait UIInterfaceOrientationPortraitUpsideDown UIInterfaceOrientationLandscapeLeft UIInterfaceOrientationLandscapeRight";
				INFOPLIST_KEY_UISupportedInterfaceOrientations_iPhone = "UIInterfaceOrientationPortrait UIInterfaceOrientationLandscapeLeft UIInterfaceOrientationLandscapeRight";
				LD_RUNPATH_SEARCH_PATHS = (
					"$(inherited)",
					"@executable_path/Frameworks",
				);
				MARKETING_VERSION = 1.0;
				PRODUCT_BUNDLE_IDENTIFIER = DzmitrySuprun.VK;
				PRODUCT_NAME = "$(TARGET_NAME)";
				SWIFT_EMIT_LOC_STRINGS = YES;
				SWIFT_VERSION = 5.0;
				TARGETED_DEVICE_FAMILY = "1,2";
			};
			name = Debug;
		};
		D57B50BF278B7D9F008E256E /* Release */ = {
			isa = XCBuildConfiguration;
			buildSettings = {
				ASSETCATALOG_COMPILER_APPICON_NAME = AppIcon;
				ASSETCATALOG_COMPILER_GLOBAL_ACCENT_COLOR_NAME = AccentColor;
				CODE_SIGN_STYLE = Automatic;
				CURRENT_PROJECT_VERSION = 1;
				DEVELOPMENT_TEAM = KCR277F8KP;
				GENERATE_INFOPLIST_FILE = YES;
				INFOPLIST_FILE = VK/Info.plist;
				INFOPLIST_KEY_UIApplicationSupportsIndirectInputEvents = YES;
				INFOPLIST_KEY_UILaunchStoryboardName = LaunchScreen;
				INFOPLIST_KEY_UIMainStoryboardFile = Main;
				INFOPLIST_KEY_UISupportedInterfaceOrientations_iPad = "UIInterfaceOrientationPortrait UIInterfaceOrientationPortraitUpsideDown UIInterfaceOrientationLandscapeLeft UIInterfaceOrientationLandscapeRight";
				INFOPLIST_KEY_UISupportedInterfaceOrientations_iPhone = "UIInterfaceOrientationPortrait UIInterfaceOrientationLandscapeLeft UIInterfaceOrientationLandscapeRight";
				LD_RUNPATH_SEARCH_PATHS = (
					"$(inherited)",
					"@executable_path/Frameworks",
				);
				MARKETING_VERSION = 1.0;
				PRODUCT_BUNDLE_IDENTIFIER = DzmitrySuprun.VK;
				PRODUCT_NAME = "$(TARGET_NAME)";
				SWIFT_EMIT_LOC_STRINGS = YES;
				SWIFT_VERSION = 5.0;
				TARGETED_DEVICE_FAMILY = "1,2";
			};
			name = Release;
		};
/* End XCBuildConfiguration section */

/* Begin XCConfigurationList section */
		D57B50A4278B7D9D008E256E /* Build configuration list for PBXProject "VK" */ = {
			isa = XCConfigurationList;
			buildConfigurations = (
				D57B50BB278B7D9F008E256E /* Debug */,
				D57B50BC278B7D9F008E256E /* Release */,
			);
			defaultConfigurationIsVisible = 0;
			defaultConfigurationName = Release;
		};
		D57B50BD278B7D9F008E256E /* Build configuration list for PBXNativeTarget "VK" */ = {
			isa = XCConfigurationList;
			buildConfigurations = (
				D57B50BE278B7D9F008E256E /* Debug */,
				D57B50BF278B7D9F008E256E /* Release */,
			);
			defaultConfigurationIsVisible = 0;
			defaultConfigurationName = Release;
		};
/* End XCConfigurationList section */
	};
	rootObject = D57B50A1278B7D9D008E256E /* Project object */;
}
